Microsoft Visual Studio Solution File, Format Version 12.00
# Visual Studio Version 18
VisualStudioVersion = 18.2.11415.280
MinimumVisualStudioVersion = 10.0.40219.1
Project("{FAE04EC0-301F-11D3-BF4B-00C04F79EFBC}") = "BankingApp.AppHost", "src\BankingApp.AppHost\BankingApp.AppHost.csproj", "{4C3C9036-26FC-403E-911F-827DEE4D1EE5}"
EndProject
Project("{FAE04EC0-301F-11D3-BF4B-00C04F79EFBC}") = "AuthService", "src\Services\Auth\AuthService\AuthService.csproj", "{D26EEF6B-07E1-4635-AD3F-D21515D5BEBF}"
EndProject
Project("{FAE04EC0-301F-11D3-BF4B-00C04F79EFBC}") = "ClienteCuentaService", "src\Services\ClienteCuenta\ClienteCuentaService\ClienteCuentaService.csproj", "{552454DE-EC9E-4A4C-BC57-CFCD78A74DAF}"
EndProject
Project("{FAE04EC0-301F-11D3-BF4B-00C04F79EFBC}") = "TarjetaService", "src\Services\Tarjeta\TarjetaService\TarjetaService.csproj", "{4B729A91-B855-4CC5-98DA-56CA5834E9CB}"
EndProject
Project("{FAE04EC0-301F-11D3-BF4B-00C04F79EFBC}") = "MovimientoService", "src\Services\Movimiento\MovimientoService\MovimientoService.csproj", "{684A1EC6-613F-4AF1-B9A3-3699A9D67ADD}"
EndProject
Project("{FAE04EC0-301F-11D3-BF4B-00C04F79EFBC}") = "LoggingService", "src\Services\Logging\LoggingService\LoggingService.csproj", "{8B6AA6A1-0E88-406C-BBFD-E7516790AA42}"
EndProject
Project("{FAE04EC0-301F-11D3-BF4B-00C04F79EFBC}") = "BankingApp.SharedKernel", "src\Shared\BankingApp.SharedKernel\BankingApp.SharedKernel.csproj", "{F1E30C35-1F2E-48AA-B02C-130DC3780F3F}"
EndProject
Project("{FAE04EC0-301F-11D3-BF4B-00C04F79EFBC}") = "BankingApp.GrpcContracts", "src\Shared\BankingApp.GrpcContracts\BankingApp.GrpcContracts.csproj", "{42F590F7-914A-4FA7-93DC-AB47510D64AC}"
EndProject
Project("{2150E333-8FDC-42A3-9474-1A3956D46DE8}") = "Services", "Services", "{B9B5C226-7BCD-4BEB-BBAC-CC7F1775DE0A}"
EndProject
Project("{2150E333-8FDC-42A3-9474-1A3956D46DE8}") = "Shared", "Shared", "{F7B51A66-A8E7-495E-94DE-25D445C3FD90}"
EndProject
Project("{2150E333-8FDC-42A3-9474-1A3956D46DE8}") = "Auth", "Auth", "{B206DABB-7420-40BC-8427-94A234C3C38D}"
EndProject
Project("{2150E333-8FDC-42A3-9474-1A3956D46DE8}") = "ClienteCuenta", "ClienteCuenta", "{0C347B92-5BE7-4676-896D-7855F58D8A15}"
EndProject
Project("{2150E333-8FDC-42A3-9474-1A3956D46DE8}") = "Logging", "Logging", "{C8009FB7-C68E-4930-A718-3C100556744D}"
EndProject
Project("{2150E333-8FDC-42A3-9474-1A3956D46DE8}") = "Movimiento", "Movimiento", "{F3C60CD5-C774-440B-B72A-3C50C4B4B6B5}"
EndProject
Project("{2150E333-8FDC-42A3-9474-1A3956D46DE8}") = "Tarjeta", "Tarjeta", "{B6539B47-7D0D-4269-828F-92C227C2005A}"
EndProject
Project("{FAE04EC0-301F-11D3-BF4B-00C04F79EFBC}") = "AuthService.Application", "src\Services\Auth\AuthService.Application\AuthService.Application.csproj", "{76772CE5-E607-6768-4A4E-989A13095135}"
EndProject
Project("{FAE04EC0-301F-11D3-BF4B-00C04F79EFBC}") = "AuthService.Domain", "src\Services\Auth\AuthService.Domain\AuthService.Domain.csproj", "{04E90504-6418-0357-AF2B-912BD0FAADEC}"
EndProject
Project("{FAE04EC0-301F-11D3-BF4B-00C04F79EFBC}") = "AuthService.Tests", "src\Services\Auth\AuthService.Tests\AuthService.Tests.csproj", "{E1D28C4F-7C45-4D80-9C03-6A8F1A787DFA}"
EndProject
Project("{FAE04EC0-301F-11D3-BF4B-00C04F79EFBC}") = "ClienteCuentaService.Application", "src\Services\ClienteCuenta\ClienteCuentaService.Application\ClienteCuentaService.Application.csproj", "{413A3293-91CD-E5AC-B7BA-B947B7C03C89}"
EndProject
Project("{FAE04EC0-301F-11D3-BF4B-00C04F79EFBC}") = "ClienteCuentaService.Domain", "src\Services\ClienteCuenta\ClienteCuentaService.Domain\ClienteCuentaService.Domain.csproj", "{068AF6FA-D685-D18D-A15E-B4CCB7B8B229}"
EndProject
Project("{FAE04EC0-301F-11D3-BF4B-00C04F79EFBC}") = "MovimientoService.Application", "src\Services\Movimiento\MovimientoService.Application\MovimientoService.Application.csproj", "{3916C1A7-F7D4-79A0-8D5E-D2D9054787DA}"
EndProject
Project("{FAE04EC0-301F-11D3-BF4B-00C04F79EFBC}") = "MovimientoService.Domain", "src\Services\Movimiento\MovimientoService.Domain\MovimientoService.Domain.csproj", "{32A68D9C-4941-0E31-5C05-51E6B92CA4F5}"
EndProject
Project("{FAE04EC0-301F-11D3-BF4B-00C04F79EFBC}") = "TarjetaService.Application", "src\Services\Tarjeta\TarjetaService.Application\TarjetaService.Application.csproj", "{1A847DA0-5C61-C429-5D49-DDD33E9AF850}"
EndProject
Project("{FAE04EC0-301F-11D3-BF4B-00C04F79EFBC}") = "TarjetaService.Domain", "src\Services\Tarjeta\TarjetaService.Domain\TarjetaService.Domain.csproj", "{D4E9E36C-F605-0D72-EE41-C1F90418593C}"
EndProject
Project("{FAE04EC0-301F-11D3-BF4B-00C04F79EFBC}") = "BankingApp.ServiceDefaults", "src\BankingApp.ServiceDefaults\BankingApp.ServiceDefaults.csproj", "{0D21364B-C0F2-EE3A-22E2-9BC77BE2834E}"
EndProject
Project("{FAE04EC0-301F-11D3-BF4B-00C04F79EFBC}") = "ClienteCuentaService.Tests", "src\Services\ClienteCuenta\ClienteCuentaService.Tests\ClienteCuentaService.Tests.csproj", "{28F2BC1B-0B4C-4D61-A0D9-0B59D4D6A8C1}"
EndProject
Project("{FAE04EC0-301F-11D3-BF4B-00C04F79EFBC}") = "TarjetaService.Tests", "src\Services\Tarjeta\TarjetaService.Tests\TarjetaService.Tests.csproj", "{A8A6BA0D-4B4F-463A-8F58-6CF7B7A1B9CF}"
EndProject
Project("{FAE04EC0-301F-11D3-BF4B-00C04F79EFBC}") = "MovimientoService.Tests", "src\Services\Movimiento\MovimientoService.Tests\MovimientoService.Tests.csproj", "{CE6F80F6-2A4B-4FB1-8A5F-3AB8D2F2D3E2}"
EndProject
Global
	GlobalSection(SolutionConfigurationPlatforms) = preSolution
		Debug|Any CPU = Debug|Any CPU
		Release|Any CPU = Release|Any CPU
	EndGlobalSection
	GlobalSection(ProjectConfigurationPlatforms) = postSolution
		{4C3C9036-26FC-403E-911F-827DEE4D1EE5}.Debug|Any CPU.ActiveCfg = Debug|Any CPU
		{4C3C9036-26FC-403E-911F-827DEE4D1EE5}.Debug|Any CPU.Build.0 = Debug|Any CPU
		{4C3C9036-26FC-403E-911F-827DEE4D1EE5}.Release|Any CPU.ActiveCfg = Release|Any CPU
		{4C3C9036-26FC-403E-911F-827DEE4D1EE5}.Release|Any CPU.Build.0 = Release|Any CPU
		{D26EEF6B-07E1-4635-AD3F-D21515D5BEBF}.Debug|Any CPU.ActiveCfg = Debug|Any CPU
		{D26EEF6B-07E1-4635-AD3F-D21515D5BEBF}.Debug|Any CPU.Build.0 = Debug|Any CPU
		{D26EEF6B-07E1-4635-AD3F-D21515D5BEBF}.Release|Any CPU.ActiveCfg = Release|Any CPU
		{D26EEF6B-07E1-4635-AD3F-D21515D5BEBF}.Release|Any CPU.Build.0 = Release|Any CPU
		{552454DE-EC9E-4A4C-BC57-CFCD78A74DAF}.Debug|Any CPU.ActiveCfg = Debug|Any CPU
		{552454DE-EC9E-4A4C-BC57-CFCD78A74DAF}.Debug|Any CPU.Build.0 = Debug|Any CPU
		{552454DE-EC9E-4A4C-BC57-CFCD78A74DAF}.Release|Any CPU.ActiveCfg = Release|Any CPU
		{552454DE-EC9E-4A4C-BC57-CFCD78A74DAF}.Release|Any CPU.Build.0 = Release|Any CPU
		{4B729A91-B855-4CC5-98DA-56CA5834E9CB}.Debug|Any CPU.ActiveCfg = Debug|Any CPU
		{4B729A91-B855-4CC5-98DA-56CA5834E9CB}.Debug|Any CPU.Build.0 = Debug|Any CPU
		{4B729A91-B855-4CC5-98DA-56CA5834E9CB}.Release|Any CPU.ActiveCfg = Release|Any CPU
		{4B729A91-B855-4CC5-98DA-56CA5834E9CB}.Release|Any CPU.Build.0 = Release|Any CPU
		{684A1EC6-613F-4AF1-B9A3-3699A9D67ADD}.Debug|Any CPU.ActiveCfg = Debug|Any CPU
		{684A1EC6-613F-4AF1-B9A3-3699A9D67ADD}.Debug|Any CPU.Build.0 = Debug|Any CPU
		{684A1EC6-613F-4AF1-B9A3-3699A9D67ADD}.Release|Any CPU.ActiveCfg = Release|Any CPU
		{684A1EC6-613F-4AF1-B9A3-3699A9D67ADD}.Release|Any CPU.Build.0 = Release|Any CPU
		{8B6AA6A1-0E88-406C-BBFD-E7516790AA42}.Debug|Any CPU.ActiveCfg = Debug|Any CPU
		{8B6AA6A1-0E88-406C-BBFD-E7516790AA42}.Debug|Any CPU.Build.0 = Debug|Any CPU
		{8B6AA6A1-0E88-406C-BBFD-E7516790AA42}.Release|Any CPU.ActiveCfg = Release|Any CPU
		{8B6AA6A1-0E88-406C-BBFD-E7516790AA42}.Release|Any CPU.Build.0 = Release|Any CPU
		{F1E30C35-1F2E-48AA-B02C-130DC3780F3F}.Debug|Any CPU.ActiveCfg = Debug|Any CPU
		{F1E30C35-1F2E-48AA-B02C-130DC3780F3F}.Debug|Any CPU.Build.0 = Debug|Any CPU
		{F1E30C35-1F2E-48AA-B02C-130DC3780F3F}.Release|Any CPU.ActiveCfg = Release|Any CPU
		{F1E30C35-1F2E-48AA-B02C-130DC3780F3F}.Release|Any CPU.Build.0 = Release|Any CPU
		{42F590F7-914A-4FA7-93DC-AB47510D64AC}.Debug|Any CPU.ActiveCfg = Debug|Any CPU
		{42F590F7-914A-4FA7-93DC-AB47510D64AC}.Debug|Any CPU.Build.0 = Debug|Any CPU
		{42F590F7-914A-4FA7-93DC-AB47510D64AC}.Release|Any CPU.ActiveCfg = Release|Any CPU
		{42F590F7-914A-4FA7-93DC-AB47510D64AC}.Release|Any CPU.Build.0 = Release|Any CPU
		{76772CE5-E607-6768-4A4E-989A13095135}.Debug|Any CPU.ActiveCfg = Debug|Any CPU
		{76772CE5-E607-6768-4A4E-989A13095135}.Debug|Any CPU.Build.0 = Debug|Any CPU
		{76772CE5-E607-6768-4A4E-989A13095135}.Release|Any CPU.ActiveCfg = Release|Any CPU
		{76772CE5-E607-6768-4A4E-989A13095135}.Release|Any CPU.Build.0 = Release|Any CPU
		{04E90504-6418-0357-AF2B-912BD0FAADEC}.Debug|Any CPU.ActiveCfg = Debug|Any CPU
		{04E90504-6418-0357-AF2B-912BD0FAADEC}.Debug|Any CPU.Build.0 = Debug|Any CPU
		{04E90504-6418-0357-AF2B-912BD0FAADEC}.Release|Any CPU.ActiveCfg = Release|Any CPU
		{04E90504-6418-0357-AF2B-912BD0FAADEC}.Release|Any CPU.Build.0 = Release|Any CPU
		{E1D28C4F-7C45-4D80-9C03-6A8F1A787DFA}.Debug|Any CPU.ActiveCfg = Debug|Any CPU
		{E1D28C4F-7C45-4D80-9C03-6A8F1A787DFA}.Debug|Any CPU.Build.0 = Debug|Any CPU
		{E1D28C4F-7C45-4D80-9C03-6A8F1A787DFA}.Release|Any CPU.ActiveCfg = Release|Any CPU
		{E1D28C4F-7C45-4D80-9C03-6A8F1A787DFA}.Release|Any CPU.Build.0 = Release|Any CPU
		{413A3293-91CD-E5AC-B7BA-B947B7C03C89}.Debug|Any CPU.ActiveCfg = Debug|Any CPU
		{413A3293-91CD-E5AC-B7BA-B947B7C03C89}.Debug|Any CPU.Build.0 = Debug|Any CPU
		{413A3293-91CD-E5AC-B7BA-B947B7C03C89}.Release|Any CPU.ActiveCfg = Release|Any CPU
		{413A3293-91CD-E5AC-B7BA-B947B7C03C89}.Release|Any CPU.Build.0 = Release|Any CPU
		{068AF6FA-D685-D18D-A15E-B4CCB7B8B229}.Debug|Any CPU.ActiveCfg = Debug|Any CPU
		{068AF6FA-D685-D18D-A15E-B4CCB7B8B229}.Debug|Any CPU.Build.0 = Debug|Any CPU
		{068AF6FA-D685-D18D-A15E-B4CCB7B8B229}.Release|Any CPU.ActiveCfg = Release|Any CPU
		{068AF6FA-D685-D18D-A15E-B4CCB7B8B229}.Release|Any CPU.Build.0 = Release|Any CPU
		{3916C1A7-F7D4-79A0-8D5E-D2D9054787DA}.Debug|Any CPU.ActiveCfg = Debug|Any CPU
		{3916C1A7-F7D4-79A0-8D5E-D2D9054787DA}.Debug|Any CPU.Build.0 = Debug|Any CPU
		{3916C1A7-F7D4-79A0-8D5E-D2D9054787DA}.Release|Any CPU.ActiveCfg = Release|Any CPU
		{3916C1A7-F7D4-79A0-8D5E-D2D9054787DA}.Release|Any CPU.Build.0 = Release|Any CPU
		{32A68D9C-4941-0E31-5C05-51E6B92CA4F5}.Debug|Any CPU.ActiveCfg = Debug|Any CPU
		{32A68D9C-4941-0E31-5C05-51E6B92CA4F5}.Debug|Any CPU.Build.0 = Debug|Any CPU
		{32A68D9C-4941-0E31-5C05-51E6B92CA4F5}.Release|Any CPU.ActiveCfg = Release|Any CPU
		{32A68D9C-4941-0E31-5C05-51E6B92CA4F5}.Release|Any CPU.Build.0 = Release|Any CPU
		{1A847DA0-5C61-C429-5D49-DDD33E9AF850}.Debug|Any CPU.ActiveCfg = Debug|Any CPU
		{1A847DA0-5C61-C429-5D49-DDD33E9AF850}.Debug|Any CPU.Build.0 = Debug|Any CPU
		{1A847DA0-5C61-C429-5D49-DDD33E9AF850}.Release|Any CPU.ActiveCfg = Release|Any CPU
		{1A847DA0-5C61-C429-5D49-DDD33E9AF850}.Release|Any CPU.Build.0 = Release|Any CPU
		{D4E9E36C-F605-0D72-EE41-C1F90418593C}.Debug|Any CPU.ActiveCfg = Debug|Any CPU
		{D4E9E36C-F605-0D72-EE41-C1F90418593C}.Debug|Any CPU.Build.0 = Debug|Any CPU
		{D4E9E36C-F605-0D72-EE41-C1F90418593C}.Release|Any CPU.ActiveCfg = Release|Any CPU
		{D4E9E36C-F605-0D72-EE41-C1F90418593C}.Release|Any CPU.Build.0 = Release|Any CPU
		{0D21364B-C0F2-EE3A-22E2-9BC77BE2834E}.Debug|Any CPU.ActiveCfg = Debug|Any CPU
		{0D21364B-C0F2-EE3A-22E2-9BC77BE2834E}.Debug|Any CPU.Build.0 = Debug|Any CPU
		{0D21364B-C0F2-EE3A-22E2-9BC77BE2834E}.Release|Any CPU.ActiveCfg = Release|Any CPU
		{0D21364B-C0F2-EE3A-22E2-9BC77BE2834E}.Release|Any CPU.Build.0 = Release|Any CPU
		{28F2BC1B-0B4C-4D61-A0D9-0B59D4D6A8C1}.Debug|Any CPU.ActiveCfg = Debug|Any CPU
		{28F2BC1B-0B4C-4D61-A0D9-0B59D4D6A8C1}.Debug|Any CPU.Build.0 = Debug|Any CPU
		{28F2BC1B-0B4C-4D61-A0D9-0B59D4D6A8C1}.Release|Any CPU.ActiveCfg = Release|Any CPU
		{28F2BC1B-0B4C-4D61-A0D9-0B59D4D6A8C1}.Release|Any CPU.Build.0 = Release|Any CPU
		{A8A6BA0D-4B4F-463A-8F58-6CF7B7A1B9CF}.Debug|Any CPU.ActiveCfg = Debug|Any CPU
		{A8A6BA0D-4B4F-463A-8F58-6CF7B7A1B9CF}.Debug|Any CPU.Build.0 = Debug|Any CPU
		{A8A6BA0D-4B4F-463A-8F58-6CF7B7A1B9CF}.Release|Any CPU.ActiveCfg = Release|Any CPU
		{A8A6BA0D-4B4F-463A-8F58-6CF7B7A1B9CF}.Release|Any CPU.Build.0 = Release|Any CPU
		{CE6F80F6-2A4B-4FB1-8A5F-3AB8D2F2D3E2}.Debug|Any CPU.ActiveCfg = Debug|Any CPU
		{CE6F80F6-2A4B-4FB1-8A5F-3AB8D2F2D3E2}.Debug|Any CPU.Build.0 = Debug|Any CPU
		{CE6F80F6-2A4B-4FB1-8A5F-3AB8D2F2D3E2}.Release|Any CPU.ActiveCfg = Release|Any CPU
		{CE6F80F6-2A4B-4FB1-8A5F-3AB8D2F2D3E2}.Release|Any CPU.Build.0 = Release|Any CPU
	EndGlobalSection
	GlobalSection(SolutionProperties) = preSolution
		HideSolutionNode = FALSE
	EndGlobalSection
	GlobalSection(NestedProjects) = preSolution
		{D26EEF6B-07E1-4635-AD3F-D21515D5BEBF} = {B206DABB-7420-40BC-8427-94A234C3C38D}
		{552454DE-EC9E-4A4C-BC57-CFCD78A74DAF} = {0C347B92-5BE7-4676-896D-7855F58D8A15}
		{4B729A91-B855-4CC5-98DA-56CA5834E9CB} = {B6539B47-7D0D-4269-828F-92C227C2005A}
		{684A1EC6-613F-4AF1-B9A3-3699A9D67ADD} = {F3C60CD5-C774-440B-B72A-3C50C4B4B6B5}
		{8B6AA6A1-0E88-406C-BBFD-E7516790AA42} = {C8009FB7-C68E-4930-A718-3C100556744D}
		{F1E30C35-1F2E-48AA-B02C-130DC3780F3F} = {F7B51A66-A8E7-495E-94DE-25D445C3FD90}
		{42F590F7-914A-4FA7-93DC-AB47510D64AC} = {F7B51A66-A8E7-495E-94DE-25D445C3FD90}
		{B206DABB-7420-40BC-8427-94A234C3C38D} = {B9B5C226-7BCD-4BEB-BBAC-CC7F1775DE0A}
		{0C347B92-5BE7-4676-896D-7855F58D8A15} = {B9B5C226-7BCD-4BEB-BBAC-CC7F1775DE0A}
		{C8009FB7-C68E-4930-A718-3C100556744D} = {B9B5C226-7BCD-4BEB-BBAC-CC7F1775DE0A}
		{F3C60CD5-C774-440B-B72A-3C50C4B4B6B5} = {B9B5C226-7BCD-4BEB-BBAC-CC7F1775DE0A}
		{B6539B47-7D0D-4269-828F-92C227C2005A} = {B9B5C226-7BCD-4BEB-BBAC-CC7F1775DE0A}
		{76772CE5-E607-6768-4A4E-989A13095135} = {B206DABB-7420-40BC-8427-94A234C3C38D}
		{04E90504-6418-0357-AF2B-912BD0FAADEC} = {B206DABB-7420-40BC-8427-94A234C3C38D}
		{E1D28C4F-7C45-4D80-9C03-6A8F1A787DFA} = {B206DABB-7420-40BC-8427-94A234C3C38D}
		{413A3293-91CD-E5AC-B7BA-B947B7C03C89} = {0C347B92-5BE7-4676-896D-7855F58D8A15}
		{068AF6FA-D685-D18D-A15E-B4CCB7B8B229} = {0C347B92-5BE7-4676-896D-7855F58D8A15}
		{3916C1A7-F7D4-79A0-8D5E-D2D9054787DA} = {F3C60CD5-C774-440B-B72A-3C50C4B4B6B5}
		{32A68D9C-4941-0E31-5C05-51E6B92CA4F5} = {F3C60CD5-C774-440B-B72A-3C50C4B4B6B5}
		{1A847DA0-5C61-C429-5D49-DDD33E9AF850} = {B6539B47-7D0D-4269-828F-92C227C2005A}
		{D4E9E36C-F605-0D72-EE41-C1F90418593C} = {B6539B47-7D0D-4269-828F-92C227C2005A}
		{28F2BC1B-0B4C-4D61-A0D9-0B59D4D6A8C1} = {0C347B92-5BE7-4676-896D-7855F58D8A15}
		{A8A6BA0D-4B4F-463A-8F58-6CF7B7A1B9CF} = {B6539B47-7D0D-4269-828F-92C227C2005A}
		{CE6F80F6-2A4B-4FB1-8A5F-3AB8D2F2D3E2} = {F3C60CD5-C774-440B-B72A-3C50C4B4B6B5}
	EndGlobalSection
	GlobalSection(ExtensibilityGlobals) = postSolution
		SolutionGuid = {B5500A6E-B9D7-44B1-89E8-2061BA71D19E}
	EndGlobalSection
EndGlobal
